# THIS IS AN AUTOGENERATED FILE. DO NOT EDIT THIS FILE DIRECTLY.
# yarn lockfile v1


vue2-timepicker@^1.1.6:
  version "1.1.6"
  resolved "https://registry.yarnpkg.com/vue2-timepicker/-/vue2-timepicker-1.1.6.tgz#d74df71e3992c7073aa503d3e71d729d114be3da"
  integrity sha512-DhO2UH4CTer/lMWxg+jqxn/+h6g2vZrsM6vCe9u7/Ie+Pej9yA+8mQA3C3VPApZ+LauKc43WxCspOXb6SGBOTw==
